
Microsoft Visual Studio Solution File, Format Version 12.00
# Visual Studio Version 17
VisualStudioVersion = 17.11.35312.102
MinimumVisualStudioVersion = 10.0.40219.1
Project("{9A19103F-16F7-4668-BE54-9A1E7A4F7556}") = "BlackjackServer", "BlackjackServer\BlackjackServer.csproj", "{FFD63960-1442-4940-8B07-9B025E77D19D}"
EndProject
Global
	GlobalSection(SolutionConfigurationPlatforms) = preSolution
		Debug|Any CPU = Debug|Any CPU
		Release|Any CPU = Release|Any CPU
	EndGlobalSection
	GlobalSection(ProjectConfigurationPlatforms) = postSolution
		{FFD63960-1442-4940-8B07-9B025E77D19D}.Debug|Any CPU.ActiveCfg = Debug|Any CPU
		{FFD63960-1442-4940-8B07-9B025E77D19D}.Debug|Any CPU.Build.0 = Debug|Any CPU
		{FFD63960-1442-4940-8B07-9B025E77D19D}.Release|Any CPU.ActiveCfg = Release|Any CPU
		{FFD63960-1442-4940-8B07-9B025E77D19D}.Release|Any CPU.Build.0 = Release|Any CPU
	EndGlobalSection
	GlobalSection(SolutionProperties) = preSolution
		HideSolutionNode = FALSE
	EndGlobalSection
	GlobalSection(ExtensibilityGlobals) = postSolution
		SolutionGuid = {6B65EB1D-EF0E-4479-BA29-E36D2C9A6035}
	EndGlobalSection
EndGlobal
